
Microsoft Visual Studio Solution File, Format Version 12.00
# Visual Studio Version 16
VisualStudioVersion = 17.0.31611.283
MinimumVisualStudioVersion = 10.0.40219.1
Project("{FAE04EC0-301F-11D3-BF4B-00C04F79EFBC}") = "BudgeteerApp", "BudgeteerApp\BudgeteerApp.csproj", "{B712172F-0F4B-4C9D-BC4E-DE20DAE246D0}"
EndProject
Project("{FAE04EC0-301F-11D3-BF4B-00C04F79EFBC}") = "BudgeteerShared", "BudgeteerShared\BudgeteerShared.csproj", "{10DB6E2D-A894-4820-B80E-FB04659A2325}"
EndProject
Project("{FAE04EC0-301F-11D3-BF4B-00C04F79EFBC}") = "BudgeteerWeb", "BudgeteerWeb\BudgeteerWeb.csproj", "{A760A7E7-F879-42E6-B64F-F292AF70E5C7}"
EndProject
Global
	GlobalSection(SolutionConfigurationPlatforms) = preSolution
		Debug|Any CPU = Debug|Any CPU
		Release|Any CPU = Release|Any CPU
	EndGlobalSection
	GlobalSection(ProjectConfigurationPlatforms) = postSolution
		{B712172F-0F4B-4C9D-BC4E-DE20DAE246D0}.Debug|Any CPU.ActiveCfg = Debug|Any CPU
		{B712172F-0F4B-4C9D-BC4E-DE20DAE246D0}.Debug|Any CPU.Build.0 = Debug|Any CPU
		{B712172F-0F4B-4C9D-BC4E-DE20DAE246D0}.Release|Any CPU.ActiveCfg = Release|Any CPU
		{B712172F-0F4B-4C9D-BC4E-DE20DAE246D0}.Release|Any CPU.Build.0 = Release|Any CPU
		{10DB6E2D-A894-4820-B80E-FB04659A2325}.Debug|Any CPU.ActiveCfg = Debug|Any CPU
		{10DB6E2D-A894-4820-B80E-FB04659A2325}.Debug|Any CPU.Build.0 = Debug|Any CPU
		{10DB6E2D-A894-4820-B80E-FB04659A2325}.Release|Any CPU.ActiveCfg = Release|Any CPU
		{10DB6E2D-A894-4820-B80E-FB04659A2325}.Release|Any CPU.Build.0 = Release|Any CPU
		{A760A7E7-F879-42E6-B64F-F292AF70E5C7}.Debug|Any CPU.ActiveCfg = Debug|Any CPU
		{A760A7E7-F879-42E6-B64F-F292AF70E5C7}.Debug|Any CPU.Build.0 = Debug|Any CPU
		{A760A7E7-F879-42E6-B64F-F292AF70E5C7}.Release|Any CPU.ActiveCfg = Release|Any CPU
		{A760A7E7-F879-42E6-B64F-F292AF70E5C7}.Release|Any CPU.Build.0 = Release|Any CPU
	EndGlobalSection
	GlobalSection(SolutionProperties) = preSolution
		HideSolutionNode = FALSE
	EndGlobalSection
	GlobalSection(ExtensibilityGlobals) = postSolution
		SolutionGuid = {61F7FB11-1E47-470C-91E2-47F8143E1572}
	EndGlobalSection
EndGlobal
