
Microsoft Visual Studio Solution File, Format Version 12.00
# Visual Studio Version 17
VisualStudioVersion = 17.4.32916.344
MinimumVisualStudioVersion = 10.0.40219.1
Project("{9A19103F-16F7-4668-BE54-9A1E7A4F7556}") = "PlaygroundApi", "PlaygroundApi\PlaygroundApi.csproj", "{2608ADC2-AA9D-4F17-B0FE-1C1626537ADA}"
EndProject
Global
	GlobalSection(SolutionConfigurationPlatforms) = preSolution
		Debug|Any CPU = Debug|Any CPU
		Release|Any CPU = Release|Any CPU
	EndGlobalSection
	GlobalSection(ProjectConfigurationPlatforms) = postSolution
		{2608ADC2-AA9D-4F17-B0FE-1C1626537ADA}.Debug|Any CPU.ActiveCfg = Debug|Any CPU
		{2608ADC2-AA9D-4F17-B0FE-1C1626537ADA}.Debug|Any CPU.Build.0 = Debug|Any CPU
		{2608ADC2-AA9D-4F17-B0FE-1C1626537ADA}.Release|Any CPU.ActiveCfg = Release|Any CPU
		{2608ADC2-AA9D-4F17-B0FE-1C1626537ADA}.Release|Any CPU.Build.0 = Release|Any CPU
	EndGlobalSection
	GlobalSection(SolutionProperties) = preSolution
		HideSolutionNode = FALSE
	EndGlobalSection
	GlobalSection(ExtensibilityGlobals) = postSolution
		SolutionGuid = {99316B3E-82F1-4396-AA17-DCC555725BA6}
	EndGlobalSection
EndGlobal
