
Microsoft Visual Studio Solution File, Format Version 12.00
# Visual Studio Version 17
VisualStudioVersion = 17.4.32916.344
MinimumVisualStudioVersion = 10.0.40219.1
Project("{9A19103F-16F7-4668-BE54-9A1E7A4F7556}") = "Playground.Server", "Playground.Server\Playground.Server.csproj", "{2608ADC2-AA9D-4F17-B0FE-1C1626537ADA}"
EndProject
Project("{9A19103F-16F7-4668-BE54-9A1E7A4F7556}") = "Playground.Shared", "Playground.Shared\Playground.Shared.csproj", "{22088F5A-0645-46FA-91A7-01B97FACD22F}"
EndProject
Project("{2150E333-8FDC-42A3-9474-1A3956D46DE8}") = "Solution Items", "Solution Items", "{FBF62174-CEA4-4E52-972D-6AB619DBCF71}"
	ProjectSection(SolutionItems) = preProject
		.editorconfig = .editorconfig
	EndProjectSection
EndProject
Global
	GlobalSection(SolutionConfigurationPlatforms) = preSolution
		Debug|Any CPU = Debug|Any CPU
		Release|Any CPU = Release|Any CPU
	EndGlobalSection
	GlobalSection(ProjectConfigurationPlatforms) = postSolution
		{2608ADC2-AA9D-4F17-B0FE-1C1626537ADA}.Debug|Any CPU.ActiveCfg = Debug|Any CPU
		{2608ADC2-AA9D-4F17-B0FE-1C1626537ADA}.Debug|Any CPU.Build.0 = Debug|Any CPU
		{2608ADC2-AA9D-4F17-B0FE-1C1626537ADA}.Release|Any CPU.ActiveCfg = Release|Any CPU
		{2608ADC2-AA9D-4F17-B0FE-1C1626537ADA}.Release|Any CPU.Build.0 = Release|Any CPU
		{22088F5A-0645-46FA-91A7-01B97FACD22F}.Debug|Any CPU.ActiveCfg = Debug|Any CPU
		{22088F5A-0645-46FA-91A7-01B97FACD22F}.Debug|Any CPU.Build.0 = Debug|Any CPU
		{22088F5A-0645-46FA-91A7-01B97FACD22F}.Release|Any CPU.ActiveCfg = Release|Any CPU
		{22088F5A-0645-46FA-91A7-01B97FACD22F}.Release|Any CPU.Build.0 = Release|Any CPU
	EndGlobalSection
	GlobalSection(SolutionProperties) = preSolution
		HideSolutionNode = FALSE
	EndGlobalSection
	GlobalSection(ExtensibilityGlobals) = postSolution
		SolutionGuid = {99316B3E-82F1-4396-AA17-DCC555725BA6}
	EndGlobalSection
EndGlobal
